// !$*UTF8*$!
{
	archiveVersion = 1;
	classes = {
	};
	objectVersion = 48;
	objects = {

/* Begin PBXBuildFile section */
		88CEEC1E72C822FE94997E77 /* Pods_MovieBrowser.framework in Frameworks */ = {isa = PBXBuildFile; fileRef = D16740FE2E72B386D06C9EA4 /* Pods_MovieBrowser.framework */; };
		C5E009180A0CA7C49FA24C17 /* Pods_MovieBrowserUITests.framework in Frameworks */ = {isa = PBXBuildFile; fileRef = 73B539387D2782D358A14C61 /* Pods_MovieBrowserUITests.framework */; };
		D384F063DEB11DACA907DD78 /* Pods_MovieBrowserTests.framework in Frameworks */ = {isa = PBXBuildFile; fileRef = 8ECC975AD41096135D6BA7DE /* Pods_MovieBrowserTests.framework */; };
		EE1D5941210613F1001F29C4 /* Constants.swift in Sources */ = {isa = PBXBuildFile; fileRef = EE1D5940210613F1001F29C4 /* Constants.swift */; };
		EE1D59432106219E001F29C4 /* API.swift in Sources */ = {isa = PBXBuildFile; fileRef = EE1D59422106219D001F29C4 /* API.swift */; };
		EE1F252320FF5ACE00334CC3 /* AppDelegate.swift in Sources */ = {isa = PBXBuildFile; fileRef = EE1F252220FF5ACE00334CC3 /* AppDelegate.swift */; };
		EE1F252520FF5ACE00334CC3 /* CategoryListController.swift in Sources */ = {isa = PBXBuildFile; fileRef = EE1F252420FF5ACE00334CC3 /* CategoryListController.swift */; };
		EE1F252A20FF5ACE00334CC3 /* Main.storyboard in Resources */ = {isa = PBXBuildFile; fileRef = EE1F252820FF5ACE00334CC3 /* Main.storyboard */; };
		EE1F252C20FF5ACE00334CC3 /* Assets.xcassets in Resources */ = {isa = PBXBuildFile; fileRef = EE1F252B20FF5ACE00334CC3 /* Assets.xcassets */; };
		EE1F252F20FF5ACE00334CC3 /* LaunchScreen.storyboard in Resources */ = {isa = PBXBuildFile; fileRef = EE1F252D20FF5ACE00334CC3 /* LaunchScreen.storyboard */; };
		EE1F253A20FF5ACE00334CC3 /* MovieBrowserTests.swift in Sources */ = {isa = PBXBuildFile; fileRef = EE1F253920FF5ACE00334CC3 /* MovieBrowserTests.swift */; };
		EE1F254520FF5ACE00334CC3 /* MovieBrowserUITests.swift in Sources */ = {isa = PBXBuildFile; fileRef = EE1F254420FF5ACE00334CC3 /* MovieBrowserUITests.swift */; };
/* End PBXBuildFile section */

/* Begin PBXContainerItemProxy section */
		EE1F253620FF5ACE00334CC3 /* PBXContainerItemProxy */ = {
			isa = PBXContainerItemProxy;
			containerPortal = EE1F251720FF5ACE00334CC3 /* Project object */;
			proxyType = 1;
			remoteGlobalIDString = EE1F251E20FF5ACE00334CC3;
			remoteInfo = MovieBrowser;
		};
		EE1F254120FF5ACE00334CC3 /* PBXContainerItemProxy */ = {
			isa = PBXContainerItemProxy;
			containerPortal = EE1F251720FF5ACE00334CC3 /* Project object */;
			proxyType = 1;
			remoteGlobalIDString = EE1F251E20FF5ACE00334CC3;
			remoteInfo = MovieBrowser;
		};
/* End PBXContainerItemProxy section */

/* Begin PBXFileReference section */
		22648944C3B0F8D61A299604 /* Pods-MovieBrowser.release.xcconfig */ = {isa = PBXFileReference; includeInIndex = 1; lastKnownFileType = text.xcconfig; name = "Pods-MovieBrowser.release.xcconfig"; path = "Pods/Target Support Files/Pods-MovieBrowser/Pods-MovieBrowser.release.xcconfig"; sourceTree = "<group>"; };
		492B3C6B2CEF9DAA0791BF58 /* Pods-MovieBrowserUITests.release.xcconfig */ = {isa = PBXFileReference; includeInIndex = 1; lastKnownFileType = text.xcconfig; name = "Pods-MovieBrowserUITests.release.xcconfig"; path = "Pods/Target Support Files/Pods-MovieBrowserUITests/Pods-MovieBrowserUITests.release.xcconfig"; sourceTree = "<group>"; };
		73B539387D2782D358A14C61 /* Pods_MovieBrowserUITests.framework */ = {isa = PBXFileReference; explicitFileType = wrapper.framework; includeInIndex = 0; path = Pods_MovieBrowserUITests.framework; sourceTree = BUILT_PRODUCTS_DIR; };
		749154A713BD41D89F265E2C /* Pods-MovieBrowserUITests.debug.xcconfig */ = {isa = PBXFileReference; includeInIndex = 1; lastKnownFileType = text.xcconfig; name = "Pods-MovieBrowserUITests.debug.xcconfig"; path = "Pods/Target Support Files/Pods-MovieBrowserUITests/Pods-MovieBrowserUITests.debug.xcconfig"; sourceTree = "<group>"; };
		8ECC975AD41096135D6BA7DE /* Pods_MovieBrowserTests.framework */ = {isa = PBXFileReference; explicitFileType = wrapper.framework; includeInIndex = 0; path = Pods_MovieBrowserTests.framework; sourceTree = BUILT_PRODUCTS_DIR; };
		CE6C2AEB98366C2CB0C9F682 /* Pods-MovieBrowserTests.debug.xcconfig */ = {isa = PBXFileReference; includeInIndex = 1; lastKnownFileType = text.xcconfig; name = "Pods-MovieBrowserTests.debug.xcconfig"; path = "Pods/Target Support Files/Pods-MovieBrowserTests/Pods-MovieBrowserTests.debug.xcconfig"; sourceTree = "<group>"; };
		D16740FE2E72B386D06C9EA4 /* Pods_MovieBrowser.framework */ = {isa = PBXFileReference; explicitFileType = wrapper.framework; includeInIndex = 0; path = Pods_MovieBrowser.framework; sourceTree = BUILT_PRODUCTS_DIR; };
		EC361248EF91B73252C06632 /* Pods-MovieBrowserTests.release.xcconfig */ = {isa = PBXFileReference; includeInIndex = 1; lastKnownFileType = text.xcconfig; name = "Pods-MovieBrowserTests.release.xcconfig"; path = "Pods/Target Support Files/Pods-MovieBrowserTests/Pods-MovieBrowserTests.release.xcconfig"; sourceTree = "<group>"; };
		EE1D5940210613F1001F29C4 /* Constants.swift */ = {isa = PBXFileReference; lastKnownFileType = sourcecode.swift; path = Constants.swift; sourceTree = "<group>"; };
		EE1D59422106219D001F29C4 /* API.swift */ = {isa = PBXFileReference; fileEncoding = 4; lastKnownFileType = sourcecode.swift; path = API.swift; sourceTree = "<group>"; };
		EE1F251F20FF5ACE00334CC3 /* MovieBrowser.app */ = {isa = PBXFileReference; explicitFileType = wrapper.application; includeInIndex = 0; path = MovieBrowser.app; sourceTree = BUILT_PRODUCTS_DIR; };
		EE1F252220FF5ACE00334CC3 /* AppDelegate.swift */ = {isa = PBXFileReference; lastKnownFileType = sourcecode.swift; path = AppDelegate.swift; sourceTree = "<group>"; };
		EE1F252420FF5ACE00334CC3 /* CategoryListController.swift */ = {isa = PBXFileReference; lastKnownFileType = sourcecode.swift; path = CategoryListController.swift; sourceTree = "<group>"; };
		EE1F252920FF5ACE00334CC3 /* Base */ = {isa = PBXFileReference; lastKnownFileType = file.storyboard; name = Base; path = Base.lproj/Main.storyboard; sourceTree = "<group>"; };
		EE1F252B20FF5ACE00334CC3 /* Assets.xcassets */ = {isa = PBXFileReference; lastKnownFileType = folder.assetcatalog; path = Assets.xcassets; sourceTree = "<group>"; };
		EE1F252E20FF5ACE00334CC3 /* Base */ = {isa = PBXFileReference; lastKnownFileType = file.storyboard; name = Base; path = Base.lproj/LaunchScreen.storyboard; sourceTree = "<group>"; };
		EE1F253020FF5ACE00334CC3 /* Info.plist */ = {isa = PBXFileReference; lastKnownFileType = text.plist.xml; path = Info.plist; sourceTree = "<group>"; };
		EE1F253520FF5ACE00334CC3 /* MovieBrowserTests.xctest */ = {isa = PBXFileReference; explicitFileType = wrapper.cfbundle; includeInIndex = 0; path = MovieBrowserTests.xctest; sourceTree = BUILT_PRODUCTS_DIR; };
		EE1F253920FF5ACE00334CC3 /* MovieBrowserTests.swift */ = {isa = PBXFileReference; lastKnownFileType = sourcecode.swift; path = MovieBrowserTests.swift; sourceTree = "<group>"; };
		EE1F253B20FF5ACE00334CC3 /* Info.plist */ = {isa = PBXFileReference; lastKnownFileType = text.plist.xml; path = Info.plist; sourceTree = "<group>"; };
		EE1F254020FF5ACE00334CC3 /* MovieBrowserUITests.xctest */ = {isa = PBXFileReference; explicitFileType = wrapper.cfbundle; includeInIndex = 0; path = MovieBrowserUITests.xctest; sourceTree = BUILT_PRODUCTS_DIR; };
		EE1F254420FF5ACE00334CC3 /* MovieBrowserUITests.swift */ = {isa = PBXFileReference; lastKnownFileType = sourcecode.swift; path = MovieBrowserUITests.swift; sourceTree = "<group>"; };
		EE1F254620FF5ACE00334CC3 /* Info.plist */ = {isa = PBXFileReference; lastKnownFileType = text.plist.xml; path = Info.plist; sourceTree = "<group>"; };
		FFB50A06B31D0197EAECCDEC /* Pods-MovieBrowser.debug.xcconfig */ = {isa = PBXFileReference; includeInIndex = 1; lastKnownFileType = text.xcconfig; name = "Pods-MovieBrowser.debug.xcconfig"; path = "Pods/Target Support Files/Pods-MovieBrowser/Pods-MovieBrowser.debug.xcconfig"; sourceTree = "<group>"; };
/* End PBXFileReference section */

/* Begin PBXFrameworksBuildPhase section */
		EE1F251C20FF5ACE00334CC3 /* Frameworks */ = {
			isa = PBXFrameworksBuildPhase;
			buildActionMask = 2147483647;
			files = (
				88CEEC1E72C822FE94997E77 /* Pods_MovieBrowser.framework in Frameworks */,
			);
			runOnlyForDeploymentPostprocessing = 0;
		};
		EE1F253220FF5ACE00334CC3 /* Frameworks */ = {
			isa = PBXFrameworksBuildPhase;
			buildActionMask = 2147483647;
			files = (
				D384F063DEB11DACA907DD78 /* Pods_MovieBrowserTests.framework in Frameworks */,
			);
			runOnlyForDeploymentPostprocessing = 0;
		};
		EE1F253D20FF5ACE00334CC3 /* Frameworks */ = {
			isa = PBXFrameworksBuildPhase;
			buildActionMask = 2147483647;
			files = (
				C5E009180A0CA7C49FA24C17 /* Pods_MovieBrowserUITests.framework in Frameworks */,
			);
			runOnlyForDeploymentPostprocessing = 0;
		};
/* End PBXFrameworksBuildPhase section */

/* Begin PBXGroup section */
		3ABBC9D2BEAE8146C7194EB4 /* Pods */ = {
			isa = PBXGroup;
			children = (
				FFB50A06B31D0197EAECCDEC /* Pods-MovieBrowser.debug.xcconfig */,
				22648944C3B0F8D61A299604 /* Pods-MovieBrowser.release.xcconfig */,
				CE6C2AEB98366C2CB0C9F682 /* Pods-MovieBrowserTests.debug.xcconfig */,
				EC361248EF91B73252C06632 /* Pods-MovieBrowserTests.release.xcconfig */,
				749154A713BD41D89F265E2C /* Pods-MovieBrowserUITests.debug.xcconfig */,
				492B3C6B2CEF9DAA0791BF58 /* Pods-MovieBrowserUITests.release.xcconfig */,
			);
			name = Pods;
			sourceTree = "<group>";
		};
		688FC675002270772EF531C1 /* Frameworks */ = {
			isa = PBXGroup;
			children = (
				D16740FE2E72B386D06C9EA4 /* Pods_MovieBrowser.framework */,
				8ECC975AD41096135D6BA7DE /* Pods_MovieBrowserTests.framework */,
				73B539387D2782D358A14C61 /* Pods_MovieBrowserUITests.framework */,
			);
			name = Frameworks;
			sourceTree = "<group>";
		};
		EE1F251620FF5ACE00334CC3 = {
			isa = PBXGroup;
			children = (
				EE1F252120FF5ACE00334CC3 /* MovieBrowser */,
				EE1F253820FF5ACE00334CC3 /* MovieBrowserTests */,
				EE1F254320FF5ACE00334CC3 /* MovieBrowserUITests */,
				EE1F252020FF5ACE00334CC3 /* Products */,
				3ABBC9D2BEAE8146C7194EB4 /* Pods */,
				688FC675002270772EF531C1 /* Frameworks */,
			);
			sourceTree = "<group>";
		};
		EE1F252020FF5ACE00334CC3 /* Products */ = {
			isa = PBXGroup;
			children = (
				EE1F251F20FF5ACE00334CC3 /* MovieBrowser.app */,
				EE1F253520FF5ACE00334CC3 /* MovieBrowserTests.xctest */,
				EE1F254020FF5ACE00334CC3 /* MovieBrowserUITests.xctest */,
			);
			name = Products;
			sourceTree = "<group>";
		};
		EE1F252120FF5ACE00334CC3 /* MovieBrowser */ = {
			isa = PBXGroup;
			children = (
				EE1D59422106219D001F29C4 /* API.swift */,
				EE1F252220FF5ACE00334CC3 /* AppDelegate.swift */,
				EE1F252420FF5ACE00334CC3 /* CategoryListController.swift */,
				EE1F252820FF5ACE00334CC3 /* Main.storyboard */,
				EE1F252B20FF5ACE00334CC3 /* Assets.xcassets */,
				EE1F252D20FF5ACE00334CC3 /* LaunchScreen.storyboard */,
				EE1F253020FF5ACE00334CC3 /* Info.plist */,
				EE1D5940210613F1001F29C4 /* Constants.swift */,
			);
			path = MovieBrowser;
			sourceTree = "<group>";
		};
		EE1F253820FF5ACE00334CC3 /* MovieBrowserTests */ = {
			isa = PBXGroup;
			children = (
				EE1F253920FF5ACE00334CC3 /* MovieBrowserTests.swift */,
				EE1F253B20FF5ACE00334CC3 /* Info.plist */,
			);
			path = MovieBrowserTests;
			sourceTree = "<group>";
		};
		EE1F254320FF5ACE00334CC3 /* MovieBrowserUITests */ = {
			isa = PBXGroup;
			children = (
				EE1F254420FF5ACE00334CC3 /* MovieBrowserUITests.swift */,
				EE1F254620FF5ACE00334CC3 /* Info.plist */,
			);
			path = MovieBrowserUITests;
			sourceTree = "<group>";
		};
/* End PBXGroup section */

/* Begin PBXNativeTarget section */
		EE1F251E20FF5ACE00334CC3 /* MovieBrowser */ = {
			isa = PBXNativeTarget;
			buildConfigurationList = EE1F254920FF5ACE00334CC3 /* Build configuration list for PBXNativeTarget "MovieBrowser" */;
			buildPhases = (
				7AC3CC476E46C0D0DEE998B8 /* [CP] Check Pods Manifest.lock */,
				EE1F251B20FF5ACE00334CC3 /* Sources */,
				EE1F251C20FF5ACE00334CC3 /* Frameworks */,
				EE1F251D20FF5ACE00334CC3 /* Resources */,
				7FB61042799D084B2882DC02 /* [CP] Embed Pods Frameworks */,
			);
			buildRules = (
			);
			dependencies = (
			);
			name = MovieBrowser;
			productName = MovieBrowser;
			productReference = EE1F251F20FF5ACE00334CC3 /* MovieBrowser.app */;
			productType = "com.apple.product-type.application";
		};
		EE1F253420FF5ACE00334CC3 /* MovieBrowserTests */ = {
			isa = PBXNativeTarget;
			buildConfigurationList = EE1F254C20FF5ACE00334CC3 /* Build configuration list for PBXNativeTarget "MovieBrowserTests" */;
			buildPhases = (
				60BB9992D8C0F34D4033C851 /* [CP] Check Pods Manifest.lock */,
				EE1F253120FF5ACE00334CC3 /* Sources */,
				EE1F253220FF5ACE00334CC3 /* Frameworks */,
				EE1F253320FF5ACE00334CC3 /* Resources */,
			);
			buildRules = (
			);
			dependencies = (
				EE1F253720FF5ACE00334CC3 /* PBXTargetDependency */,
			);
			name = MovieBrowserTests;
			productName = MovieBrowserTests;
			productReference = EE1F253520FF5ACE00334CC3 /* MovieBrowserTests.xctest */;
			productType = "com.apple.product-type.bundle.unit-test";
		};
		EE1F253F20FF5ACE00334CC3 /* MovieBrowserUITests */ = {
			isa = PBXNativeTarget;
			buildConfigurationList = EE1F254F20FF5ACE00334CC3 /* Build configuration list for PBXNativeTarget "MovieBrowserUITests" */;
			buildPhases = (
				9323D77A92106E2950999795 /* [CP] Check Pods Manifest.lock */,
				EE1F253C20FF5ACE00334CC3 /* Sources */,
				EE1F253D20FF5ACE00334CC3 /* Frameworks */,
				EE1F253E20FF5ACE00334CC3 /* Resources */,
			);
			buildRules = (
			);
			dependencies = (
				EE1F254220FF5ACE00334CC3 /* PBXTargetDependency */,
			);
			name = MovieBrowserUITests;
			productName = MovieBrowserUITests;
			productReference = EE1F254020FF5ACE00334CC3 /* MovieBrowserUITests.xctest */;
			productType = "com.apple.product-type.bundle.ui-testing";
		};
/* End PBXNativeTarget section */

/* Begin PBXProject section */
		EE1F251720FF5ACE00334CC3 /* Project object */ = {
			isa = PBXProject;
			attributes = {
				LastSwiftUpdateCheck = 0920;
				LastUpgradeCheck = 0920;
				ORGANIZATIONNAME = "Jeroen Beullens";
				TargetAttributes = {
					EE1F251E20FF5ACE00334CC3 = {
						CreatedOnToolsVersion = 9.2;
						ProvisioningStyle = Automatic;
					};
					EE1F253420FF5ACE00334CC3 = {
						CreatedOnToolsVersion = 9.2;
						ProvisioningStyle = Automatic;
						TestTargetID = EE1F251E20FF5ACE00334CC3;
					};
					EE1F253F20FF5ACE00334CC3 = {
						CreatedOnToolsVersion = 9.2;
						ProvisioningStyle = Automatic;
						TestTargetID = EE1F251E20FF5ACE00334CC3;
					};
				};
			};
			buildConfigurationList = EE1F251A20FF5ACE00334CC3 /* Build configuration list for PBXProject "MovieBrowser" */;
			compatibilityVersion = "Xcode 8.0";
			developmentRegion = en;
			hasScannedForEncodings = 0;
			knownRegions = (
				en,
				Base,
			);
			mainGroup = EE1F251620FF5ACE00334CC3;
			productRefGroup = EE1F252020FF5ACE00334CC3 /* Products */;
			projectDirPath = "";
			projectRoot = "";
			targets = (
				EE1F251E20FF5ACE00334CC3 /* MovieBrowser */,
				EE1F253420FF5ACE00334CC3 /* MovieBrowserTests */,
				EE1F253F20FF5ACE00334CC3 /* MovieBrowserUITests */,
			);
		};
/* End PBXProject section */

/* Begin PBXResourcesBuildPhase section */
		EE1F251D20FF5ACE00334CC3 /* Resources */ = {
			isa = PBXResourcesBuildPhase;
			buildActionMask = 2147483647;
			files = (
				EE1F252F20FF5ACE00334CC3 /* LaunchScreen.storyboard in Resources */,
				EE1F252C20FF5ACE00334CC3 /* Assets.xcassets in Resources */,
				EE1F252A20FF5ACE00334CC3 /* Main.storyboard in Resources */,
			);
			runOnlyForDeploymentPostprocessing = 0;
		};
		EE1F253320FF5ACE00334CC3 /* Resources */ = {
			isa = PBXResourcesBuildPhase;
			buildActionMask = 2147483647;
			files = (
			);
			runOnlyForDeploymentPostprocessing = 0;
		};
		EE1F253E20FF5ACE00334CC3 /* Resources */ = {
			isa = PBXResourcesBuildPhase;
			buildActionMask = 2147483647;
			files = (
			);
			runOnlyForDeploymentPostprocessing = 0;
		};
/* End PBXResourcesBuildPhase section */

/* Begin PBXShellScriptBuildPhase section */
		60BB9992D8C0F34D4033C851 /* [CP] Check Pods Manifest.lock */ = {
			isa = PBXShellScriptBuildPhase;
			buildActionMask = 2147483647;
			files = (
			);
			inputPaths = (
				"${PODS_PODFILE_DIR_PATH}/Podfile.lock",
				"${PODS_ROOT}/Manifest.lock",
			);
			name = "[CP] Check Pods Manifest.lock";
			outputPaths = (
				"$(DERIVED_FILE_DIR)/Pods-MovieBrowserTests-checkManifestLockResult.txt",
			);
			runOnlyForDeploymentPostprocessing = 0;
			shellPath = /bin/sh;
			shellScript = "diff \"${PODS_PODFILE_DIR_PATH}/Podfile.lock\" \"${PODS_ROOT}/Manifest.lock\" > /dev/null\nif [ $? != 0 ] ; then\n    # print error to STDERR\n    echo \"error: The sandbox is not in sync with the Podfile.lock. Run 'pod install' or update your CocoaPods installation.\" >&2\n    exit 1\nfi\n# This output is used by Xcode 'outputs' to avoid re-running this script phase.\necho \"SUCCESS\" > \"${SCRIPT_OUTPUT_FILE_0}\"\n";
			showEnvVarsInLog = 0;
		};
		7AC3CC476E46C0D0DEE998B8 /* [CP] Check Pods Manifest.lock */ = {
			isa = PBXShellScriptBuildPhase;
			buildActionMask = 2147483647;
			files = (
			);
			inputPaths = (
				"${PODS_PODFILE_DIR_PATH}/Podfile.lock",
				"${PODS_ROOT}/Manifest.lock",
			);
			name = "[CP] Check Pods Manifest.lock";
			outputPaths = (
				"$(DERIVED_FILE_DIR)/Pods-MovieBrowser-checkManifestLockResult.txt",
			);
			runOnlyForDeploymentPostprocessing = 0;
			shellPath = /bin/sh;
			shellScript = "diff \"${PODS_PODFILE_DIR_PATH}/Podfile.lock\" \"${PODS_ROOT}/Manifest.lock\" > /dev/null\nif [ $? != 0 ] ; then\n    # print error to STDERR\n    echo \"error: The sandbox is not in sync with the Podfile.lock. Run 'pod install' or update your CocoaPods installation.\" >&2\n    exit 1\nfi\n# This output is used by Xcode 'outputs' to avoid re-running this script phase.\necho \"SUCCESS\" > \"${SCRIPT_OUTPUT_FILE_0}\"\n";
			showEnvVarsInLog = 0;
		};
		7FB61042799D084B2882DC02 /* [CP] Embed Pods Frameworks */ = {
			isa = PBXShellScriptBuildPhase;
			buildActionMask = 2147483647;
			files = (
			);
			inputPaths = (
				"${SRCROOT}/Pods/Target Support Files/Pods-MovieBrowser/Pods-MovieBrowser-frameworks.sh",
				"${BUILT_PRODUCTS_DIR}/AWSAppSync/AWSAppSync.framework",
				"${BUILT_PRODUCTS_DIR}/AWSCore/AWSCore.framework",
				"${BUILT_PRODUCTS_DIR}/ReachabilitySwift/Reachability.framework",
				"${BUILT_PRODUCTS_DIR}/SQLite.swift/SQLite.framework",
			);
			name = "[CP] Embed Pods Frameworks";
			outputPaths = (
				"${TARGET_BUILD_DIR}/${FRAMEWORKS_FOLDER_PATH}/AWSAppSync.framework",
				"${TARGET_BUILD_DIR}/${FRAMEWORKS_FOLDER_PATH}/AWSCore.framework",
				"${TARGET_BUILD_DIR}/${FRAMEWORKS_FOLDER_PATH}/Reachability.framework",
				"${TARGET_BUILD_DIR}/${FRAMEWORKS_FOLDER_PATH}/SQLite.framework",
			);
			runOnlyForDeploymentPostprocessing = 0;
			shellPath = /bin/sh;
			shellScript = "\"${SRCROOT}/Pods/Target Support Files/Pods-MovieBrowser/Pods-MovieBrowser-frameworks.sh\"\n";
			showEnvVarsInLog = 0;
		};
		9323D77A92106E2950999795 /* [CP] Check Pods Manifest.lock */ = {
			isa = PBXShellScriptBuildPhase;
			buildActionMask = 2147483647;
			files = (
			);
			inputPaths = (
				"${PODS_PODFILE_DIR_PATH}/Podfile.lock",
				"${PODS_ROOT}/Manifest.lock",
			);
			name = "[CP] Check Pods Manifest.lock";
			outputPaths = (
				"$(DERIVED_FILE_DIR)/Pods-MovieBrowserUITests-checkManifestLockResult.txt",
			);
			runOnlyForDeploymentPostprocessing = 0;
			shellPath = /bin/sh;
			shellScript = "diff \"${PODS_PODFILE_DIR_PATH}/Podfile.lock\" \"${PODS_ROOT}/Manifest.lock\" > /dev/null\nif [ $? != 0 ] ; then\n    # print error to STDERR\n    echo \"error: The sandbox is not in sync with the Podfile.lock. Run 'pod install' or update your CocoaPods installation.\" >&2\n    exit 1\nfi\n# This output is used by Xcode 'outputs' to avoid re-running this script phase.\necho \"SUCCESS\" > \"${SCRIPT_OUTPUT_FILE_0}\"\n";
			showEnvVarsInLog = 0;
		};
/* End PBXShellScriptBuildPhase section */

/* Begin PBXSourcesBuildPhase section */
		EE1F251B20FF5ACE00334CC3 /* Sources */ = {
			isa = PBXSourcesBuildPhase;
			buildActionMask = 2147483647;
			files = (
				EE1F252520FF5ACE00334CC3 /* CategoryListController.swift in Sources */,
				EE1F252320FF5ACE00334CC3 /* AppDelegate.swift in Sources */,
				EE1D5941210613F1001F29C4 /* Constants.swift in Sources */,
				EE1D59432106219E001F29C4 /* API.swift in Sources */,
			);
			runOnlyForDeploymentPostprocessing = 0;
		};
		EE1F253120FF5ACE00334CC3 /* Sources */ = {
			isa = PBXSourcesBuildPhase;
			buildActionMask = 2147483647;
			files = (
				EE1F253A20FF5ACE00334CC3 /* MovieBrowserTests.swift in Sources */,
			);
			runOnlyForDeploymentPostprocessing = 0;
		};
		EE1F253C20FF5ACE00334CC3 /* Sources */ = {
			isa = PBXSourcesBuildPhase;
			buildActionMask = 2147483647;
			files = (
				EE1F254520FF5ACE00334CC3 /* MovieBrowserUITests.swift in Sources */,
			);
			runOnlyForDeploymentPostprocessing = 0;
		};
/* End PBXSourcesBuildPhase section */

/* Begin PBXTargetDependency section */
		EE1F253720FF5ACE00334CC3 /* PBXTargetDependency */ = {
			isa = PBXTargetDependency;
			target = EE1F251E20FF5ACE00334CC3 /* MovieBrowser */;
			targetProxy = EE1F253620FF5ACE00334CC3 /* PBXContainerItemProxy */;
		};
		EE1F254220FF5ACE00334CC3 /* PBXTargetDependency */ = {
			isa = PBXTargetDependency;
			target = EE1F251E20FF5ACE00334CC3 /* MovieBrowser */;
			targetProxy = EE1F254120FF5ACE00334CC3 /* PBXContainerItemProxy */;
		};
/* End PBXTargetDependency section */

/* Begin PBXVariantGroup section */
		EE1F252820FF5ACE00334CC3 /* Main.storyboard */ = {
			isa = PBXVariantGroup;
			children = (
				EE1F252920FF5ACE00334CC3 /* Base */,
			);
			name = Main.storyboard;
			sourceTree = "<group>";
		};
		EE1F252D20FF5ACE00334CC3 /* LaunchScreen.storyboard */ = {
			isa = PBXVariantGroup;
			children = (
				EE1F252E20FF5ACE00334CC3 /* Base */,
			);
			name = LaunchScreen.storyboard;
			sourceTree = "<group>";
		};
/* End PBXVariantGroup section */

/* Begin XCBuildConfiguration section */
		EE1F254720FF5ACE00334CC3 /* Debug */ = {
			isa = XCBuildConfiguration;
			buildSettings = {
				ALWAYS_SEARCH_USER_PATHS = NO;
				CLANG_ANALYZER_NONNULL = YES;
				CLANG_ANALYZER_NUMBER_OBJECT_CONVERSION = YES_AGGRESSIVE;
				CLANG_CXX_LANGUAGE_STANDARD = "gnu++14";
				CLANG_CXX_LIBRARY = "libc++";
				CLANG_ENABLE_MODULES = YES;
				CLANG_ENABLE_OBJC_ARC = YES;
				CLANG_WARN_BLOCK_CAPTURE_AUTORELEASING = YES;
				CLANG_WARN_BOOL_CONVERSION = YES;
				CLANG_WARN_COMMA = YES;
				CLANG_WARN_CONSTANT_CONVERSION = YES;
				CLANG_WARN_DIRECT_OBJC_ISA_USAGE = YES_ERROR;
				CLANG_WARN_DOCUMENTATION_COMMENTS = YES;
				CLANG_WARN_EMPTY_BODY = YES;
				CLANG_WARN_ENUM_CONVERSION = YES;
				CLANG_WARN_INFINITE_RECURSION = YES;
				CLANG_WARN_INT_CONVERSION = YES;
				CLANG_WARN_NON_LITERAL_NULL_CONVERSION = YES;
				CLANG_WARN_OBJC_LITERAL_CONVERSION = YES;
				CLANG_WARN_OBJC_ROOT_CLASS = YES_ERROR;
				CLANG_WARN_RANGE_LOOP_ANALYSIS = YES;
				CLANG_WARN_STRICT_PROTOTYPES = YES;
				CLANG_WARN_SUSPICIOUS_MOVE = YES;
				CLANG_WARN_UNGUARDED_AVAILABILITY = YES_AGGRESSIVE;
				CLANG_WARN_UNREACHABLE_CODE = YES;
				CLANG_WARN__DUPLICATE_METHOD_MATCH = YES;
				CODE_SIGN_IDENTITY = "iPhone Developer";
				COPY_PHASE_STRIP = NO;
				DEBUG_INFORMATION_FORMAT = dwarf;
				ENABLE_STRICT_OBJC_MSGSEND = YES;
				ENABLE_TESTABILITY = YES;
				GCC_C_LANGUAGE_STANDARD = gnu11;
				GCC_DYNAMIC_NO_PIC = NO;
				GCC_NO_COMMON_BLOCKS = YES;
				GCC_OPTIMIZATION_LEVEL = 0;
				GCC_PREPROCESSOR_DEFINITIONS = (
					"DEBUG=1",
					"$(inherited)",
				);
				GCC_WARN_64_TO_32_BIT_CONVERSION = YES;
				GCC_WARN_ABOUT_RETURN_TYPE = YES_ERROR;
				GCC_WARN_UNDECLARED_SELECTOR = YES;
				GCC_WARN_UNINITIALIZED_AUTOS = YES_AGGRESSIVE;
				GCC_WARN_UNUSED_FUNCTION = YES;
				GCC_WARN_UNUSED_VARIABLE = YES;
				IPHONEOS_DEPLOYMENT_TARGET = 11.2;
				MTL_ENABLE_DEBUG_INFO = YES;
				ONLY_ACTIVE_ARCH = YES;
				SDKROOT = iphoneos;
				SWIFT_ACTIVE_COMPILATION_CONDITIONS = DEBUG;
				SWIFT_OPTIMIZATION_LEVEL = "-Onone";
			};
			name = Debug;
		};
		EE1F254820FF5ACE00334CC3 /* Release */ = {
			isa = XCBuildConfiguration;
			buildSettings = {
				ALWAYS_SEARCH_USER_PATHS = NO;
				CLANG_ANALYZER_NONNULL = YES;
				CLANG_ANALYZER_NUMBER_OBJECT_CONVERSION = YES_AGGRESSIVE;
				CLANG_CXX_LANGUAGE_STANDARD = "gnu++14";
				CLANG_CXX_LIBRARY = "libc++";
				CLANG_ENABLE_MODULES = YES;
				CLANG_ENABLE_OBJC_ARC = YES;
				CLANG_WARN_BLOCK_CAPTURE_AUTORELEASING = YES;
				CLANG_WARN_BOOL_CONVERSION = YES;
				CLANG_WARN_COMMA = YES;
				CLANG_WARN_CONSTANT_CONVERSION = YES;
				CLANG_WARN_DIRECT_OBJC_ISA_USAGE = YES_ERROR;
				CLANG_WARN_DOCUMENTATION_COMMENTS = YES;
				CLANG_WARN_EMPTY_BODY = YES;
				CLANG_WARN_ENUM_CONVERSION = YES;
				CLANG_WARN_INFINITE_RECURSION = YES;
				CLANG_WARN_INT_CONVERSION = YES;
				CLANG_WARN_NON_LITERAL_NULL_CONVERSION = YES;
				CLANG_WARN_OBJC_LITERAL_CONVERSION = YES;
				CLANG_WARN_OBJC_ROOT_CLASS = YES_ERROR;
				CLANG_WARN_RANGE_LOOP_ANALYSIS = YES;
				CLANG_WARN_STRICT_PROTOTYPES = YES;
				CLANG_WARN_SUSPICIOUS_MOVE = YES;
				CLANG_WARN_UNGUARDED_AVAILABILITY = YES_AGGRESSIVE;
				CLANG_WARN_UNREACHABLE_CODE = YES;
				CLANG_WARN__DUPLICATE_METHOD_MATCH = YES;
				CODE_SIGN_IDENTITY = "iPhone Developer";
				COPY_PHASE_STRIP = NO;
				DEBUG_INFORMATION_FORMAT = "dwarf-with-dsym";
				ENABLE_NS_ASSERTIONS = NO;
				ENABLE_STRICT_OBJC_MSGSEND = YES;
				GCC_C_LANGUAGE_STANDARD = gnu11;
				GCC_NO_COMMON_BLOCKS = YES;
				GCC_WARN_64_TO_32_BIT_CONVERSION = YES;
				GCC_WARN_ABOUT_RETURN_TYPE = YES_ERROR;
				GCC_WARN_UNDECLARED_SELECTOR = YES;
				GCC_WARN_UNINITIALIZED_AUTOS = YES_AGGRESSIVE;
				GCC_WARN_UNUSED_FUNCTION = YES;
				GCC_WARN_UNUSED_VARIABLE = YES;
				IPHONEOS_DEPLOYMENT_TARGET = 11.2;
				MTL_ENABLE_DEBUG_INFO = NO;
				SDKROOT = iphoneos;
				SWIFT_OPTIMIZATION_LEVEL = "-Owholemodule";
				VALIDATE_PRODUCT = YES;
			};
			name = Release;
		};
		EE1F254A20FF5ACE00334CC3 /* Debug */ = {
			isa = XCBuildConfiguration;
			baseConfigurationReference = FFB50A06B31D0197EAECCDEC /* Pods-MovieBrowser.debug.xcconfig */;
			buildSettings = {
				ASSETCATALOG_COMPILER_APPICON_NAME = AppIcon;
				CODE_SIGN_STYLE = Automatic;
				INFOPLIST_FILE = MovieBrowser/Info.plist;
				IPHONEOS_DEPLOYMENT_TARGET = 10.0;
				LD_RUNPATH_SEARCH_PATHS = "$(inherited) @executable_path/Frameworks";
				PRODUCT_BUNDLE_IDENTIFIER = be.upgrade.it.poc.MovieBrowser;
				PRODUCT_NAME = "$(TARGET_NAME)";
				SWIFT_VERSION = 4.0;
				TARGETED_DEVICE_FAMILY = "1,2";
			};
			name = Debug;
		};
		EE1F254B20FF5ACE00334CC3 /* Release */ = {
			isa = XCBuildConfiguration;
			baseConfigurationReference = 22648944C3B0F8D61A299604 /* Pods-MovieBrowser.release.xcconfig */;
			buildSettings = {
				ASSETCATALOG_COMPILER_APPICON_NAME = AppIcon;
				CODE_SIGN_STYLE = Automatic;
				INFOPLIST_FILE = MovieBrowser/Info.plist;
				IPHONEOS_DEPLOYMENT_TARGET = 10.0;
				LD_RUNPATH_SEARCH_PATHS = "$(inherited) @executable_path/Frameworks";
				PRODUCT_BUNDLE_IDENTIFIER = be.upgrade.it.poc.MovieBrowser;
				PRODUCT_NAME = "$(TARGET_NAME)";
				SWIFT_VERSION = 4.0;
				TARGETED_DEVICE_FAMILY = "1,2";
			};
			name = Release;
		};
		EE1F254D20FF5ACE00334CC3 /* Debug */ = {
			isa = XCBuildConfiguration;
			baseConfigurationReference = CE6C2AEB98366C2CB0C9F682 /* Pods-MovieBrowserTests.debug.xcconfig */;
			buildSettings = {
				ALWAYS_EMBED_SWIFT_STANDARD_LIBRARIES = YES;
				BUNDLE_LOADER = "$(TEST_HOST)";
				CODE_SIGN_STYLE = Automatic;
				INFOPLIST_FILE = MovieBrowserTests/Info.plist;
				LD_RUNPATH_SEARCH_PATHS = "$(inherited) @executable_path/Frameworks @loader_path/Frameworks";
				PRODUCT_BUNDLE_IDENTIFIER = be.upgrade.it.poc.MovieBrowserTests;
				PRODUCT_NAME = "$(TARGET_NAME)";
				SWIFT_VERSION = 4.0;
				TARGETED_DEVICE_FAMILY = "1,2";
				TEST_HOST = "$(BUILT_PRODUCTS_DIR)/MovieBrowser.app/MovieBrowser";
			};
			name = Debug;
		};
		EE1F254E20FF5ACE00334CC3 /* Release */ = {
			isa = XCBuildConfiguration;
			baseConfigurationReference = EC361248EF91B73252C06632 /* Pods-MovieBrowserTests.release.xcconfig */;
			buildSettings = {
				ALWAYS_EMBED_SWIFT_STANDARD_LIBRARIES = YES;
				BUNDLE_LOADER = "$(TEST_HOST)";
				CODE_SIGN_STYLE = Automatic;
				INFOPLIST_FILE = MovieBrowserTests/Info.plist;
				LD_RUNPATH_SEARCH_PATHS = "$(inherited) @executable_path/Frameworks @loader_path/Frameworks";
				PRODUCT_BUNDLE_IDENTIFIER = be.upgrade.it.poc.MovieBrowserTests;
				PRODUCT_NAME = "$(TARGET_NAME)";
				SWIFT_VERSION = 4.0;
				TARGETED_DEVICE_FAMILY = "1,2";
				TEST_HOST = "$(BUILT_PRODUCTS_DIR)/MovieBrowser.app/MovieBrowser";
			};
			name = Release;
		};
		EE1F255020FF5ACE00334CC3 /* Debug */ = {
			isa = XCBuildConfiguration;
			baseConfigurationReference = 749154A713BD41D89F265E2C /* Pods-MovieBrowserUITests.debug.xcconfig */;
			buildSettings = {
				ALWAYS_EMBED_SWIFT_STANDARD_LIBRARIES = YES;
				CODE_SIGN_STYLE = Automatic;
				INFOPLIST_FILE = MovieBrowserUITests/Info.plist;
				LD_RUNPATH_SEARCH_PATHS = "$(inherited) @executable_path/Frameworks @loader_path/Frameworks";
				PRODUCT_BUNDLE_IDENTIFIER = be.upgrade.it.poc.MovieBrowserUITests;
				PRODUCT_NAME = "$(TARGET_NAME)";
				SWIFT_VERSION = 4.0;
				TARGETED_DEVICE_FAMILY = "1,2";
				TEST_TARGET_NAME = MovieBrowser;
			};
			name = Debug;
		};
		EE1F255120FF5ACE00334CC3 /* Release */ = {
			isa = XCBuildConfiguration;
			baseConfigurationReference = 492B3C6B2CEF9DAA0791BF58 /* Pods-MovieBrowserUITests.release.xcconfig */;
			buildSettings = {
				ALWAYS_EMBED_SWIFT_STANDARD_LIBRARIES = YES;
				CODE_SIGN_STYLE = Automatic;
				INFOPLIST_FILE = MovieBrowserUITests/Info.plist;
				LD_RUNPATH_SEARCH_PATHS = "$(inherited) @executable_path/Frameworks @loader_path/Frameworks";
				PRODUCT_BUNDLE_IDENTIFIER = be.upgrade.it.poc.MovieBrowserUITests;
				PRODUCT_NAME = "$(TARGET_NAME)";
				SWIFT_VERSION = 4.0;
				TARGETED_DEVICE_FAMILY = "1,2";
				TEST_TARGET_NAME = MovieBrowser;
			};
			name = Release;
		};
/* End XCBuildConfiguration section */

/* Begin XCConfigurationList section */
		EE1F251A20FF5ACE00334CC3 /* Build configuration list for PBXProject "MovieBrowser" */ = {
			isa = XCConfigurationList;
			buildConfigurations = (
				EE1F254720FF5ACE00334CC3 /* Debug */,
				EE1F254820FF5ACE00334CC3 /* Release */,
			);
			defaultConfigurationIsVisible = 0;
			defaultConfigurationName = Release;
		};
		EE1F254920FF5ACE00334CC3 /* Build configuration list for PBXNativeTarget "MovieBrowser" */ = {
			isa = XCConfigurationList;
			buildConfigurations = (
				EE1F254A20FF5ACE00334CC3 /* Debug */,
				EE1F254B20FF5ACE00334CC3 /* Release */,
			);
			defaultConfigurationIsVisible = 0;
			defaultConfigurationName = Release;
		};
		EE1F254C20FF5ACE00334CC3 /* Build configuration list for PBXNativeTarget "MovieBrowserTests" */ = {
			isa = XCConfigurationList;
			buildConfigurations = (
				EE1F254D20FF5ACE00334CC3 /* Debug */,
				EE1F254E20FF5ACE00334CC3 /* Release */,
			);
			defaultConfigurationIsVisible = 0;
			defaultConfigurationName = Release;
		};
		EE1F254F20FF5ACE00334CC3 /* Build configuration list for PBXNativeTarget "MovieBrowserUITests" */ = {
			isa = XCConfigurationList;
			buildConfigurations = (
				EE1F255020FF5ACE00334CC3 /* Debug */,
				EE1F255120FF5ACE00334CC3 /* Release */,
			);
			defaultConfigurationIsVisible = 0;
			defaultConfigurationName = Release;
		};
/* End XCConfigurationList section */
	};
	rootObject = EE1F251720FF5ACE00334CC3 /* Project object */;
}
